{
  "name": "sketch-threejs.js",
  "version": "2.0.0",
  "lockfileVersion": 1,
  "requires": true,
  "dependencies": {
    "@babel/polyfill": {
      "version": "7.12.1",
      "resolved": "https://registry.npmjs.org/@babel/polyfill/-/polyfill-7.12.1.tgz",
      "integrity": "sha512-X0pi0V6gxLi6lFZpGmeNa4zxtwEmCs42isWLNjZZDE0Y8yVfgu0T2OAHlzBbdYlqbW/YXVvoBHpATEM+goCj8g==",
      "requires": {
        "core-js": "^2.6.5",
        "regenerator-runtime": "^0.13.4"
      }
    },
    "core-js": {
      "version": "2.6.12",
      "resolved": "https://registry.npmjs.org/core-js/-/core-js-2.6.12.tgz",
      "integrity": "sha512-Kb2wC0fvsWfQrgk8HU5lW6U/Lcs8+9aaYcy4ZFc6DDlo4nZ7n70dEgE5rtR0oG6ufKDUnrwfWL1mXR5ljDatrQ=="
    },
    "easing-js": {
      "version": "git://github.com/danro/easing-js.git#4f5e7edbde7f7200a1baf08e357377896c0d207e",
      "from": "git://github.com/danro/easing-js.git"
    },
    "gl-matrix": {
      "version": "3.3.0",
      "resolved": "https://registry.npmjs.org/gl-matrix/-/gl-matrix-3.3.0.tgz",
      "integrity": "sha512-COb7LDz+SXaHtl/h4LeaFcNdJdAQSDeVqjiIihSXNrkWObZLhDI4hIkZC11Aeqp7bcE72clzB0BnDXr2SmslRA=="
    },
    "glsl-easings": {
      "version": "1.0.0",
      "resolved": "https://registry.npmjs.org/glsl-easings/-/glsl-easings-1.0.0.tgz",
      "integrity": "sha1-1Pe0mZFekikh9PA9D4CJckvfW44="
    },
    "glsl-force": {
      "version": "git://github.com/ykob/glsl-force.git#5fb78e89e58f2907cd8ebb09f9ff79573147e15c",
      "from": "git://github.com/ykob/glsl-force.git"
    },
    "glsl-inverse": {
      "version": "1.0.0",
      "resolved": "https://registry.npmjs.org/glsl-inverse/-/glsl-inverse-1.0.0.tgz",
      "integrity": "sha1-EsCx0GX1WERNHm/q95td34qRiuY="
    },
    "glsl-matrix": {
      "version": "git://github.com/ykob/glsl-matrix.git#bb1b369c8f4675099f51ce8915c58694d0696620",
      "from": "git://github.com/ykob/glsl-matrix.git"
    },
    "glsl-noise": {
      "version": "0.0.0",
      "resolved": "https://registry.npmjs.org/glsl-noise/-/glsl-noise-0.0.0.tgz",
      "integrity": "sha1-NndF86MzgsDu7Ey1S36Zz8HXZws="
    },
    "glsl-util": {
      "version": "git://github.com/ykob/glsl-util.git#8a7273d974bea8d8c6a3c083b3ff5d85f49174d6",
      "from": "git://github.com/ykob/glsl-util.git"
    },
    "js-util": {
      "version": "git://github.com/ykob/js-util.git#ff439308fb4ddc49ee9a98191974aeeb0735e726",
      "from": "git://github.com/ykob/js-util.git"
    },
    "regenerator-runtime": {
      "version": "0.13.7",
      "resolved": "https://registry.npmjs.org/regenerator-runtime/-/regenerator-runtime-0.13.7.tgz",
      "integrity": "sha512-a54FxoJDIr27pgf7IgeQGxmqUNYrcV338lf/6gH456HZ/PhX+5BcwHXG9ajESmwe6WRO0tAzRUrRmNONWgkrew=="
    },
    "three": {
      "version": "0.126.1",
      "resolved": "https://registry.npmjs.org/three/-/three-0.126.1.tgz",
      "integrity": "sha512-eOEXnZeE1FDV0XgL1u08auIP13jxdN9LQBAEmlErYzMxtIIfuGIAZbijOyookALUhqVzVOx0Tywj6n192VM+nQ=="
    },
    "vue": {
      "version": "2.6.12",
      "resolved": "https://registry.npmjs.org/vue/-/vue-2.6.12.tgz",
      "integrity": "sha512-uhmLFETqPPNyuLLbsKz6ioJ4q7AZHzD8ZVFNATNyICSZouqP2Sz0rotWQC8UNBF6VGSCs5abnKJoStA6JbCbfg=="
    }
  }
}
